# THIS IS AN AUTOGENERATED FILE. DO NOT EDIT THIS FILE DIRECTLY.
# yarn lockfile v1


"@fortawesome/fontawesome-common-types@^0.2.15":
  version "0.2.15"
  resolved "https://registry.yarnpkg.com/@fortawesome/fontawesome-common-types/-/fontawesome-common-types-0.2.15.tgz#16af950653083d1e3064061de9f8e5e3b579f688"
  integrity sha512-ATBRyKJw1d2ko+0DWN9+BXau0EK3I/Q6pPzPv3LhJD7r052YFAkAdfb1Bd7ZqhBsJrdse/S7jKxWUOZ61qBD4g==

"@fortawesome/fontawesome-svg-core@^1.2.15":
  version "1.2.15"
  resolved "https://registry.yarnpkg.com/@fortawesome/fontawesome-svg-core/-/fontawesome-svg-core-1.2.15.tgz#368f9fc7e8e8d8636495dc7483f97510f920ba97"
  integrity sha512-M/sHyl4g2VBtKYkay1Z+XImMyTVcaBPmehYtPw4HKD9zg2E7eovB7Yx98aUfZjPbroGqa+IL4/+KhWBMOGlHIQ==
  dependencies:
    "@fortawesome/fontawesome-common-types" "^0.2.15"

"@fortawesome/free-brands-svg-icons@^5.7.2":
  version "5.7.2"
  resolved "https://registry.yarnpkg.com/@fortawesome/free-brands-svg-icons/-/free-brands-svg-icons-5.7.2.tgz#80ea37f12d22a281a5eadcd0cd3c870683e5dec1"
  integrity sha512-91rIjo00vy7PNrXg5auDsPOSTjmgzc+UUqMyUZHmIrXG5OXMHgjAYMTgEIgs91Lm5XcJtggFZCQz1u5fGFnj2A==
  dependencies:
    "@fortawesome/fontawesome-common-types" "^0.2.15"

"@fortawesome/free-regular-svg-icons@^5.7.2":
  version "5.7.2"
  resolved "https://registry.yarnpkg.com/@fortawesome/free-regular-svg-icons/-/free-regular-svg-icons-5.7.2.tgz#7113bf9df5a970918b8cac8eb45e5ad120818741"
  integrity sha512-ZO+zQcncfT7omTsTIjBkugj/dFXiSnoK44I5p0/WAoNX8aX2Au7j+uxq1qFX4bevkfGFGsPeJUYU1+Q1PB/5pQ==
  dependencies:
    "@fortawesome/fontawesome-common-types" "^0.2.15"

"@fortawesome/free-solid-svg-icons@^5.7.2":
  version "5.7.2"
  resolved "https://registry.yarnpkg.com/@fortawesome/free-solid-svg-icons/-/free-solid-svg-icons-5.7.2.tgz#9ec2ed353d630092a8e19cc8aae2f716572963e5"
  integrity sha512-iujcXMyAvIbWM8W3jkOLpvJbR+rPpdN1QyqhZeJaLRdHPH4JmuovIAYP4vx5Sa1csZVXfRD1eDWqVZ/jGM620A==
  dependencies:
    "@fortawesome/fontawesome-common-types" "^0.2.15"

"@fortawesome/react-fontawesome@^0.1.4":
  version "0.1.4"
  resolved "https://registry.yarnpkg.com/@fortawesome/react-fontawesome/-/react-fontawesome-0.1.4.tgz#18d61d9b583ca289a61aa7dccc05bd164d6bc9ad"
  integrity sha512-GwmxQ+TK7PEdfSwvxtGnMCqrfEm0/HbRHArbUudsYiy9KzVCwndxa2KMcfyTQ8El0vROrq8gOOff09RF1oQe8g==
  dependencies:
    humps "^2.0.1"
    prop-types "^15.5.10"

bulma@0.7.4:
  version "0.7.4"
  resolved "https://registry.yarnpkg.com/bulma/-/bulma-0.7.4.tgz#7e74512e9118d9799021339e67e365ee0ac4f3f9"
  integrity sha512-krG2rP6eAX1WE0sf6O0SC/FUVSOBX4m1PBC2+GKLpb2pX0qanaDqcv9U2nu75egFrsHkI0zdWYuk/oGwoszVWg==

classnames@2.2.6:
  version "2.2.6"
  resolved "https://registry.yarnpkg.com/classnames/-/classnames-2.2.6.tgz#43935bffdd291f326dad0a205309b38d00f650ce"
  integrity sha512-JR/iSQOSt+LQIWwrwEzJ9uk0xfN3mTVYMwt1Ir5mUcSN6pU+V4zQFFaJsclJbPuAUQH+yfWef6tm7l1quW3C8Q==

humps@^2.0.1:
  version "2.0.1"
  resolved "https://registry.yarnpkg.com/humps/-/humps-2.0.1.tgz#dd02ea6081bd0568dc5d073184463957ba9ef9aa"
  integrity sha1-3QLqYIG9BWjcXQcxhEY5V7qe+ao=

"js-tokens@^3.0.0 || ^4.0.0":
  version "4.0.0"
  resolved "https://registry.yarnpkg.com/js-tokens/-/js-tokens-4.0.0.tgz#19203fb59991df98e3a287050d4647cdeaf32499"
  integrity sha512-RdJUflcE3cUzKiMqQgsCu06FPu9UdIJO0beYbPhHN4k6apgJtifcoCtT9bcxOpYBtpD2kCM6Sbzg4CausW/PKQ==

loose-envify@^1.4.0:
  version "1.4.0"
  resolved "https://registry.yarnpkg.com/loose-envify/-/loose-envify-1.4.0.tgz#71ee51fa7be4caec1a63839f7e682d8132d30caf"
  integrity sha512-lyuxPGr/Wfhrlem2CL/UcnUc1zcqKAImBDzukY7Y5F/yQiNdko6+fRLevlw1HgMySw7f611UIY408EtxRSoK3Q==
  dependencies:
    js-tokens "^3.0.0 || ^4.0.0"

object-assign@^4.1.1:
  version "4.1.1"
  resolved "https://registry.yarnpkg.com/object-assign/-/object-assign-4.1.1.tgz#2109adc7965887cfc05cbbd442cac8bfbb360863"
  integrity sha1-IQmtx5ZYh8/AXLvUQsrIv7s2CGM=

prop-types@^15.5.10, prop-types@^15.7.2:
  version "15.7.2"
  resolved "https://registry.yarnpkg.com/prop-types/-/prop-types-15.7.2.tgz#52c41e75b8c87e72b9d9360e0206b99dcbffa6c5"
  integrity sha512-8QQikdH7//R2vurIJSutZ1smHYTcLpRWEOlHnzcWHmBYrOGUysKwSsrC89BCiFj3CbrfJ/nXFdJepOVrY1GCHQ==
  dependencies:
    loose-envify "^1.4.0"
    object-assign "^4.1.1"
    react-is "^16.8.1"

react-bulma-components@^3.0.1-4:
  version "3.0.1-4"
  resolved "https://registry.yarnpkg.com/react-bulma-components/-/react-bulma-components-3.0.1-4.tgz#f26609889d3dd6c4f500d51cf96e215a01a6a446"
  integrity sha512-Bv+QyH7KKEbpAR5XQRTfx8Jg704ixiKNu/YIZG93icTjw8poPrwaP2FEWQPcEtfKUaCDXKkxbNzD8Dh+SIl3WA==
  dependencies:
    bulma "0.7.4"
    classnames "2.2.6"

react-is@^16.8.1:
  version "16.8.4"
  resolved "https://registry.yarnpkg.com/react-is/-/react-is-16.8.4.tgz#90f336a68c3a29a096a3d648ab80e87ec61482a2"
  integrity sha512-PVadd+WaUDOAciICm/J1waJaSvgq+4rHE/K70j0PFqKhkTBsPv/82UGQJNXAngz1fOQLLxI6z1sEDmJDQhCTAA==
